
Microsoft Visual Studio Solution File, Format Version 12.00
# Visual Studio Version 16
VisualStudioVersion = 16.0.31729.503
MinimumVisualStudioVersion = 10.0.40219.1
Project("{FAE04EC0-301F-11D3-BF4B-00C04F79EFBC}") = "KHRCafeteria", "KHRCafeteria.csproj", "{961158C9-D03F-4373-B85D-28D4EAA6124B}"
EndProject
Global
	GlobalSection(SolutionConfigurationPlatforms) = preSolution
		Debug|Any CPU = Debug|Any CPU
		Release|Any CPU = Release|Any CPU
	EndGlobalSection
	GlobalSection(ProjectConfigurationPlatforms) = postSolution
		{961158C9-D03F-4373-B85D-28D4EAA6124B}.Debug|Any CPU.ActiveCfg = Debug|Any CPU
		{961158C9-D03F-4373-B85D-28D4EAA6124B}.Debug|Any CPU.Build.0 = Debug|Any CPU
		{961158C9-D03F-4373-B85D-28D4EAA6124B}.Release|Any CPU.ActiveCfg = Release|Any CPU
		{961158C9-D03F-4373-B85D-28D4EAA6124B}.Release|Any CPU.Build.0 = Release|Any CPU
	EndGlobalSection
	GlobalSection(SolutionProperties) = preSolution
		HideSolutionNode = FALSE
	EndGlobalSection
	GlobalSection(ExtensibilityGlobals) = postSolution
		SolutionGuid = {AD2675C4-6B22-4870-A77D-3774177D7AEB}
	EndGlobalSection
EndGlobal
